
Microsoft Visual Studio Solution File, Format Version 12.00
# Visual Studio Version 16
VisualStudioVersion = 16.0.29503.13
MinimumVisualStudioVersion = 10.0.40219.1
Project("{FAE04EC0-301F-11D3-BF4B-00C04F79EFBC}") = "BudgetAppWeb.Test", "BudgetAppWeb.Test.csproj", "{94AF9C51-1FB9-448C-AF0E-994004480CC4}"
EndProject
Global
	GlobalSection(SolutionConfigurationPlatforms) = preSolution
		Debug|Any CPU = Debug|Any CPU
		Release|Any CPU = Release|Any CPU
	EndGlobalSection
	GlobalSection(ProjectConfigurationPlatforms) = postSolution
		{94AF9C51-1FB9-448C-AF0E-994004480CC4}.Debug|Any CPU.ActiveCfg = Debug|Any CPU
		{94AF9C51-1FB9-448C-AF0E-994004480CC4}.Debug|Any CPU.Build.0 = Debug|Any CPU
		{94AF9C51-1FB9-448C-AF0E-994004480CC4}.Release|Any CPU.ActiveCfg = Release|Any CPU
		{94AF9C51-1FB9-448C-AF0E-994004480CC4}.Release|Any CPU.Build.0 = Release|Any CPU
	EndGlobalSection
	GlobalSection(SolutionProperties) = preSolution
		HideSolutionNode = FALSE
	EndGlobalSection
	GlobalSection(ExtensibilityGlobals) = postSolution
		SolutionGuid = {08FBFB48-65A3-4D9A-AC2D-7D51194A6408}
	EndGlobalSection
EndGlobal
